// !$*UTF8*$!
{
	archiveVersion = 1;
	classes = {
	};
	objectVersion = 48;
	objects = {

/* Begin PBXBuildFile section */
		213106C41F8FCE2D002930C0 /* PersonTest.swift in Sources */ = {isa = PBXBuildFile; fileRef = 213106C31F8FCE2D002930C0 /* PersonTest.swift */; };
		213106C61F8FD10D002930C0 /* Person.swift in Sources */ = {isa = PBXBuildFile; fileRef = 213106C51F8FD10D002930C0 /* Person.swift */; };
		21811AE61F8E8C3C006AC7DC /* AppDelegate.swift in Sources */ = {isa = PBXBuildFile; fileRef = 21811AE51F8E8C3C006AC7DC /* AppDelegate.swift */; };
		21811AED1F8E8C3C006AC7DC /* Assets.xcassets in Resources */ = {isa = PBXBuildFile; fileRef = 21811AEC1F8E8C3C006AC7DC /* Assets.xcassets */; };
		21811AF01F8E8C3C006AC7DC /* LaunchScreen.storyboard in Resources */ = {isa = PBXBuildFile; fileRef = 21811AEE1F8E8C3C006AC7DC /* LaunchScreen.storyboard */; };
		21811B061F8F6A9C006AC7DC /* HouseTests.swift in Sources */ = {isa = PBXBuildFile; fileRef = 21811B051F8F6A9C006AC7DC /* HouseTests.swift */; };
		21811B081F8F6BDD006AC7DC /* House.swift in Sources */ = {isa = PBXBuildFile; fileRef = 21811B071F8F6BDD006AC7DC /* House.swift */; };
		21838EAD1F93C4D600B51593 /* WikiViewController.swift in Sources */ = {isa = PBXBuildFile; fileRef = 21838EAB1F93C4D600B51593 /* WikiViewController.swift */; };
		21838EAE1F93C4D600B51593 /* WikiViewController.xib in Resources */ = {isa = PBXBuildFile; fileRef = 21838EAC1F93C4D600B51593 /* WikiViewController.xib */; };
		21838EB51F93DBA800B51593 /* HousesViewController.swift in Sources */ = {isa = PBXBuildFile; fileRef = 21838EB31F93DBA800B51593 /* HousesViewController.swift */; };
		21838EB61F93DBA800B51593 /* HousesViewController.xib in Resources */ = {isa = PBXBuildFile; fileRef = 21838EB41F93DBA800B51593 /* HousesViewController.xib */; };
		21A8875C1F8FF81F00461E35 /* codeIsComing.png in Resources */ = {isa = PBXBuildFile; fileRef = 21A887591F8FE82900461E35 /* codeIsComing.png */; };
		21A8875D1F8FF82400461E35 /* lannister.jpg in Resources */ = {isa = PBXBuildFile; fileRef = 21A8875A1F8FE82900461E35 /* lannister.jpg */; };
		21C89CA71F93BE19009E5DB7 /* targaryenSmall.jpg in Resources */ = {isa = PBXBuildFile; fileRef = 21C89CA61F93BE14009E5DB7 /* targaryenSmall.jpg */; };
		21F77C061F90FEBC00B10B85 /* HouseViewController.swift in Sources */ = {isa = PBXBuildFile; fileRef = 21F77C041F90FEBC00B10B85 /* HouseViewController.swift */; };
		21F77C071F90FEBC00B10B85 /* HouseViewController.xib in Resources */ = {isa = PBXBuildFile; fileRef = 21F77C051F90FEBC00B10B85 /* HouseViewController.xib */; };
		21F77C0C1F912E1100B10B85 /* UIKitExtensions.swift in Sources */ = {isa = PBXBuildFile; fileRef = 21F77C0B1F912E1100B10B85 /* UIKitExtensions.swift */; };
		21F77C0E1F9132EC00B10B85 /* RepositoryTests.swift in Sources */ = {isa = PBXBuildFile; fileRef = 21F77C0D1F9132EC00B10B85 /* RepositoryTests.swift */; };
		21F77C101F91349700B10B85 /* Repository.swift in Sources */ = {isa = PBXBuildFile; fileRef = 21F77C0F1F91349700B10B85 /* Repository.swift */; };
/* End PBXBuildFile section */

/* Begin PBXContainerItemProxy section */
		21811AF71F8E8C3C006AC7DC /* PBXContainerItemProxy */ = {
			isa = PBXContainerItemProxy;
			containerPortal = 21811ADA1F8E8C3C006AC7DC /* Project object */;
			proxyType = 1;
			remoteGlobalIDString = 21811AE11F8E8C3C006AC7DC;
			remoteInfo = Westeros;
		};
/* End PBXContainerItemProxy section */

/* Begin PBXFileReference section */
		213106C31F8FCE2D002930C0 /* PersonTest.swift */ = {isa = PBXFileReference; lastKnownFileType = sourcecode.swift; path = PersonTest.swift; sourceTree = "<group>"; };
		213106C51F8FD10D002930C0 /* Person.swift */ = {isa = PBXFileReference; fileEncoding = 4; lastKnownFileType = sourcecode.swift; lineEnding = 0; path = Person.swift; sourceTree = "<group>"; };
		21811AE21F8E8C3C006AC7DC /* Westeros.app */ = {isa = PBXFileReference; explicitFileType = wrapper.application; includeInIndex = 0; path = Westeros.app; sourceTree = BUILT_PRODUCTS_DIR; };
		21811AE51F8E8C3C006AC7DC /* AppDelegate.swift */ = {isa = PBXFileReference; lastKnownFileType = sourcecode.swift; path = AppDelegate.swift; sourceTree = "<group>"; };
		21811AEC1F8E8C3C006AC7DC /* Assets.xcassets */ = {isa = PBXFileReference; lastKnownFileType = folder.assetcatalog; path = Assets.xcassets; sourceTree = "<group>"; };
		21811AEF1F8E8C3C006AC7DC /* Base */ = {isa = PBXFileReference; lastKnownFileType = file.storyboard; name = Base; path = Base.lproj/LaunchScreen.storyboard; sourceTree = "<group>"; };
		21811AF11F8E8C3C006AC7DC /* Info.plist */ = {isa = PBXFileReference; lastKnownFileType = text.plist.xml; path = Info.plist; sourceTree = "<group>"; };
		21811AF61F8E8C3C006AC7DC /* WesterosTests.xctest */ = {isa = PBXFileReference; explicitFileType = wrapper.cfbundle; includeInIndex = 0; path = WesterosTests.xctest; sourceTree = BUILT_PRODUCTS_DIR; };
		21811AFC1F8E8C3C006AC7DC /* Info.plist */ = {isa = PBXFileReference; lastKnownFileType = text.plist.xml; path = Info.plist; sourceTree = "<group>"; };
		21811B051F8F6A9C006AC7DC /* HouseTests.swift */ = {isa = PBXFileReference; lastKnownFileType = sourcecode.swift; path = HouseTests.swift; sourceTree = "<group>"; };
		21811B071F8F6BDD006AC7DC /* House.swift */ = {isa = PBXFileReference; lastKnownFileType = sourcecode.swift; path = House.swift; sourceTree = "<group>"; };
		21838EAB1F93C4D600B51593 /* WikiViewController.swift */ = {isa = PBXFileReference; lastKnownFileType = sourcecode.swift; path = WikiViewController.swift; sourceTree = "<group>"; };
		21838EAC1F93C4D600B51593 /* WikiViewController.xib */ = {isa = PBXFileReference; lastKnownFileType = file.xib; path = WikiViewController.xib; sourceTree = "<group>"; };
		21838EB31F93DBA800B51593 /* HousesViewController.swift */ = {isa = PBXFileReference; lastKnownFileType = sourcecode.swift; path = HousesViewController.swift; sourceTree = "<group>"; };
		21838EB41F93DBA800B51593 /* HousesViewController.xib */ = {isa = PBXFileReference; lastKnownFileType = file.xib; path = HousesViewController.xib; sourceTree = "<group>"; };
		21A887591F8FE82900461E35 /* codeIsComing.png */ = {isa = PBXFileReference; lastKnownFileType = image.png; path = codeIsComing.png; sourceTree = "<group>"; };
		21A8875A1F8FE82900461E35 /* lannister.jpg */ = {isa = PBXFileReference; lastKnownFileType = image.jpeg; path = lannister.jpg; sourceTree = "<group>"; };
		21C89CA61F93BE14009E5DB7 /* targaryenSmall.jpg */ = {isa = PBXFileReference; lastKnownFileType = image.jpeg; path = targaryenSmall.jpg; sourceTree = "<group>"; };
		21F77C041F90FEBC00B10B85 /* HouseViewController.swift */ = {isa = PBXFileReference; lastKnownFileType = sourcecode.swift; path = HouseViewController.swift; sourceTree = "<group>"; };
		21F77C051F90FEBC00B10B85 /* HouseViewController.xib */ = {isa = PBXFileReference; lastKnownFileType = file.xib; path = HouseViewController.xib; sourceTree = "<group>"; };
		21F77C0B1F912E1100B10B85 /* UIKitExtensions.swift */ = {isa = PBXFileReference; lastKnownFileType = sourcecode.swift; path = UIKitExtensions.swift; sourceTree = "<group>"; };
		21F77C0D1F9132EC00B10B85 /* RepositoryTests.swift */ = {isa = PBXFileReference; lastKnownFileType = sourcecode.swift; path = RepositoryTests.swift; sourceTree = "<group>"; };
		21F77C0F1F91349700B10B85 /* Repository.swift */ = {isa = PBXFileReference; lastKnownFileType = sourcecode.swift; path = Repository.swift; sourceTree = "<group>"; };
/* End PBXFileReference section */

/* Begin PBXFrameworksBuildPhase section */
		21811ADF1F8E8C3C006AC7DC /* Frameworks */ = {
			isa = PBXFrameworksBuildPhase;
			buildActionMask = 2147483647;
			files = (
			);
			runOnlyForDeploymentPostprocessing = 0;
		};
		21811AF31F8E8C3C006AC7DC /* Frameworks */ = {
			isa = PBXFrameworksBuildPhase;
			buildActionMask = 2147483647;
			files = (
			);
			runOnlyForDeploymentPostprocessing = 0;
		};
/* End PBXFrameworksBuildPhase section */

/* Begin PBXGroup section */
		21811AD91F8E8C3C006AC7DC = {
			isa = PBXGroup;
			children = (
				21811AE41F8E8C3C006AC7DC /* Westeros */,
				21811AF91F8E8C3C006AC7DC /* WesterosTests */,
				21811AE31F8E8C3C006AC7DC /* Products */,
			);
			sourceTree = "<group>";
		};
		21811AE31F8E8C3C006AC7DC /* Products */ = {
			isa = PBXGroup;
			children = (
				21811AE21F8E8C3C006AC7DC /* Westeros.app */,
				21811AF61F8E8C3C006AC7DC /* WesterosTests.xctest */,
			);
			name = Products;
			sourceTree = "<group>";
		};
		21811AE41F8E8C3C006AC7DC /* Westeros */ = {
			isa = PBXGroup;
			children = (
				21F77C0A1F912DE700B10B85 /* Cocoa */,
				21811B0C1F8F730F006AC7DC /* Resources */,
				21F77C081F90FEC700B10B85 /* Controllers */,
				21811B091F8F6BE8006AC7DC /* Models */,
				21811AE51F8E8C3C006AC7DC /* AppDelegate.swift */,
				21811AEC1F8E8C3C006AC7DC /* Assets.xcassets */,
				21811AEE1F8E8C3C006AC7DC /* LaunchScreen.storyboard */,
				21811AF11F8E8C3C006AC7DC /* Info.plist */,
			);
			path = Westeros;
			sourceTree = "<group>";
		};
		21811AF91F8E8C3C006AC7DC /* WesterosTests */ = {
			isa = PBXGroup;
			children = (
				21811AFC1F8E8C3C006AC7DC /* Info.plist */,
				21811B051F8F6A9C006AC7DC /* HouseTests.swift */,
				213106C31F8FCE2D002930C0 /* PersonTest.swift */,
				21F77C0D1F9132EC00B10B85 /* RepositoryTests.swift */,
			);
			path = WesterosTests;
			sourceTree = "<group>";
		};
		21811B091F8F6BE8006AC7DC /* Models */ = {
			isa = PBXGroup;
			children = (
				21811B071F8F6BDD006AC7DC /* House.swift */,
				213106C51F8FD10D002930C0 /* Person.swift */,
				21F77C0F1F91349700B10B85 /* Repository.swift */,
			);
			path = Models;
			sourceTree = "<group>";
		};
		21811B0C1F8F730F006AC7DC /* Resources */ = {
			isa = PBXGroup;
			children = (
				21A887591F8FE82900461E35 /* codeIsComing.png */,
				21C89CA61F93BE14009E5DB7 /* targaryenSmall.jpg */,
				21A8875A1F8FE82900461E35 /* lannister.jpg */,
			);
			path = Resources;
			sourceTree = "<group>";
		};
		21F77C081F90FEC700B10B85 /* Controllers */ = {
			isa = PBXGroup;
			children = (
				21F77C041F90FEBC00B10B85 /* HouseViewController.swift */,
				21F77C051F90FEBC00B10B85 /* HouseViewController.xib */,
				21838EAB1F93C4D600B51593 /* WikiViewController.swift */,
				21838EAC1F93C4D600B51593 /* WikiViewController.xib */,
				21838EB31F93DBA800B51593 /* HousesViewController.swift */,
				21838EB41F93DBA800B51593 /* HousesViewController.xib */,
			);
			path = Controllers;
			sourceTree = "<group>";
		};
		21F77C0A1F912DE700B10B85 /* Cocoa */ = {
			isa = PBXGroup;
			children = (
				21F77C0B1F912E1100B10B85 /* UIKitExtensions.swift */,
			);
			path = Cocoa;
			sourceTree = "<group>";
		};
/* End PBXGroup section */

/* Begin PBXNativeTarget section */
		21811AE11F8E8C3C006AC7DC /* Westeros */ = {
			isa = PBXNativeTarget;
			buildConfigurationList = 21811AFF1F8E8C3C006AC7DC /* Build configuration list for PBXNativeTarget "Westeros" */;
			buildPhases = (
				21811ADE1F8E8C3C006AC7DC /* Sources */,
				21811ADF1F8E8C3C006AC7DC /* Frameworks */,
				21811AE01F8E8C3C006AC7DC /* Resources */,
			);
			buildRules = (
			);
			dependencies = (
			);
			name = Westeros;
			productName = Westeros;
			productReference = 21811AE21F8E8C3C006AC7DC /* Westeros.app */;
			productType = "com.apple.product-type.application";
		};
		21811AF51F8E8C3C006AC7DC /* WesterosTests */ = {
			isa = PBXNativeTarget;
			buildConfigurationList = 21811B021F8E8C3C006AC7DC /* Build configuration list for PBXNativeTarget "WesterosTests" */;
			buildPhases = (
				21811AF21F8E8C3C006AC7DC /* Sources */,
				21811AF31F8E8C3C006AC7DC /* Frameworks */,
				21811AF41F8E8C3C006AC7DC /* Resources */,
			);
			buildRules = (
			);
			dependencies = (
				21811AF81F8E8C3C006AC7DC /* PBXTargetDependency */,
			);
			name = WesterosTests;
			productName = WesterosTests;
			productReference = 21811AF61F8E8C3C006AC7DC /* WesterosTests.xctest */;
			productType = "com.apple.product-type.bundle.unit-test";
		};
/* End PBXNativeTarget section */

/* Begin PBXProject section */
		21811ADA1F8E8C3C006AC7DC /* Project object */ = {
			isa = PBXProject;
			attributes = {
				LastSwiftUpdateCheck = 0900;
				LastUpgradeCheck = 0900;
				ORGANIZATIONNAME = OtgerPeidro;
				TargetAttributes = {
					21811AE11F8E8C3C006AC7DC = {
						CreatedOnToolsVersion = 9.0;
						ProvisioningStyle = Automatic;
					};
					21811AF51F8E8C3C006AC7DC = {
						CreatedOnToolsVersion = 9.0;
						LastSwiftMigration = 0900;
						ProvisioningStyle = Automatic;
						TestTargetID = 21811AE11F8E8C3C006AC7DC;
					};
				};
			};
			buildConfigurationList = 21811ADD1F8E8C3C006AC7DC /* Build configuration list for PBXProject "Westeros" */;
			compatibilityVersion = "Xcode 8.0";
			developmentRegion = en;
			hasScannedForEncodings = 0;
			knownRegions = (
				en,
				Base,
			);
			mainGroup = 21811AD91F8E8C3C006AC7DC;
			productRefGroup = 21811AE31F8E8C3C006AC7DC /* Products */;
			projectDirPath = "";
			projectRoot = "";
			targets = (
				21811AE11F8E8C3C006AC7DC /* Westeros */,
				21811AF51F8E8C3C006AC7DC /* WesterosTests */,
			);
		};
/* End PBXProject section */

/* Begin PBXResourcesBuildPhase section */
		21811AE01F8E8C3C006AC7DC /* Resources */ = {
			isa = PBXResourcesBuildPhase;
			buildActionMask = 2147483647;
			files = (
				21A8875D1F8FF82400461E35 /* lannister.jpg in Resources */,
				21838EAE1F93C4D600B51593 /* WikiViewController.xib in Resources */,
				21C89CA71F93BE19009E5DB7 /* targaryenSmall.jpg in Resources */,
				21A8875C1F8FF81F00461E35 /* codeIsComing.png in Resources */,
				21F77C071F90FEBC00B10B85 /* HouseViewController.xib in Resources */,
				21811AF01F8E8C3C006AC7DC /* LaunchScreen.storyboard in Resources */,
				21811AED1F8E8C3C006AC7DC /* Assets.xcassets in Resources */,
				21838EB61F93DBA800B51593 /* HousesViewController.xib in Resources */,
			);
			runOnlyForDeploymentPostprocessing = 0;
		};
		21811AF41F8E8C3C006AC7DC /* Resources */ = {
			isa = PBXResourcesBuildPhase;
			buildActionMask = 2147483647;
			files = (
			);
			runOnlyForDeploymentPostprocessing = 0;
		};
/* End PBXResourcesBuildPhase section */

/* Begin PBXSourcesBuildPhase section */
		21811ADE1F8E8C3C006AC7DC /* Sources */ = {
			isa = PBXSourcesBuildPhase;
			buildActionMask = 2147483647;
			files = (
				213106C61F8FD10D002930C0 /* Person.swift in Sources */,
				21811B081F8F6BDD006AC7DC /* House.swift in Sources */,
				21811AE61F8E8C3C006AC7DC /* AppDelegate.swift in Sources */,
				21838EB51F93DBA800B51593 /* HousesViewController.swift in Sources */,
				21F77C061F90FEBC00B10B85 /* HouseViewController.swift in Sources */,
				21F77C0C1F912E1100B10B85 /* UIKitExtensions.swift in Sources */,
				21F77C101F91349700B10B85 /* Repository.swift in Sources */,
				21838EAD1F93C4D600B51593 /* WikiViewController.swift in Sources */,
			);
			runOnlyForDeploymentPostprocessing = 0;
		};
		21811AF21F8E8C3C006AC7DC /* Sources */ = {
			isa = PBXSourcesBuildPhase;
			buildActionMask = 2147483647;
			files = (
				21811B061F8F6A9C006AC7DC /* HouseTests.swift in Sources */,
				213106C41F8FCE2D002930C0 /* PersonTest.swift in Sources */,
				21F77C0E1F9132EC00B10B85 /* RepositoryTests.swift in Sources */,
			);
			runOnlyForDeploymentPostprocessing = 0;
		};
/* End PBXSourcesBuildPhase section */

/* Begin PBXTargetDependency section */
		21811AF81F8E8C3C006AC7DC /* PBXTargetDependency */ = {
			isa = PBXTargetDependency;
			target = 21811AE11F8E8C3C006AC7DC /* Westeros */;
			targetProxy = 21811AF71F8E8C3C006AC7DC /* PBXContainerItemProxy */;
		};
/* End PBXTargetDependency section */

/* Begin PBXVariantGroup section */
		21811AEE1F8E8C3C006AC7DC /* LaunchScreen.storyboard */ = {
			isa = PBXVariantGroup;
			children = (
				21811AEF1F8E8C3C006AC7DC /* Base */,
			);
			name = LaunchScreen.storyboard;
			sourceTree = "<group>";
		};
/* End PBXVariantGroup section */

/* Begin XCBuildConfiguration section */
		21811AFD1F8E8C3C006AC7DC /* Debug */ = {
			isa = XCBuildConfiguration;
			buildSettings = {
				ALWAYS_SEARCH_USER_PATHS = NO;
				CLANG_ANALYZER_NONNULL = YES;
				CLANG_ANALYZER_NUMBER_OBJECT_CONVERSION = YES_AGGRESSIVE;
				CLANG_CXX_LANGUAGE_STANDARD = "gnu++14";
				CLANG_CXX_LIBRARY = "libc++";
				CLANG_ENABLE_MODULES = YES;
				CLANG_ENABLE_OBJC_ARC = YES;
				CLANG_WARN_BLOCK_CAPTURE_AUTORELEASING = YES;
				CLANG_WARN_BOOL_CONVERSION = YES;
				CLANG_WARN_COMMA = YES;
				CLANG_WARN_CONSTANT_CONVERSION = YES;
				CLANG_WARN_DIRECT_OBJC_ISA_USAGE = YES_ERROR;
				CLANG_WARN_DOCUMENTATION_COMMENTS = YES;
				CLANG_WARN_EMPTY_BODY = YES;
				CLANG_WARN_ENUM_CONVERSION = YES;
				CLANG_WARN_INFINITE_RECURSION = YES;
				CLANG_WARN_INT_CONVERSION = YES;
				CLANG_WARN_NON_LITERAL_NULL_CONVERSION = YES;
				CLANG_WARN_OBJC_LITERAL_CONVERSION = YES;
				CLANG_WARN_OBJC_ROOT_CLASS = YES_ERROR;
				CLANG_WARN_RANGE_LOOP_ANALYSIS = YES;
				CLANG_WARN_STRICT_PROTOTYPES = YES;
				CLANG_WARN_SUSPICIOUS_MOVE = YES;
				CLANG_WARN_UNGUARDED_AVAILABILITY = YES_AGGRESSIVE;
				CLANG_WARN_UNREACHABLE_CODE = YES;
				CLANG_WARN__DUPLICATE_METHOD_MATCH = YES;
				CODE_SIGN_IDENTITY = "iPhone Developer";
				COPY_PHASE_STRIP = NO;
				DEBUG_INFORMATION_FORMAT = dwarf;
				ENABLE_STRICT_OBJC_MSGSEND = YES;
				ENABLE_TESTABILITY = YES;
				GCC_C_LANGUAGE_STANDARD = gnu11;
				GCC_DYNAMIC_NO_PIC = NO;
				GCC_NO_COMMON_BLOCKS = YES;
				GCC_OPTIMIZATION_LEVEL = 0;
				GCC_PREPROCESSOR_DEFINITIONS = (
					"DEBUG=1",
					"$(inherited)",
				);
				GCC_WARN_64_TO_32_BIT_CONVERSION = YES;
				GCC_WARN_ABOUT_RETURN_TYPE = YES_ERROR;
				GCC_WARN_UNDECLARED_SELECTOR = YES;
				GCC_WARN_UNINITIALIZED_AUTOS = YES_AGGRESSIVE;
				GCC_WARN_UNUSED_FUNCTION = YES;
				GCC_WARN_UNUSED_VARIABLE = YES;
				IPHONEOS_DEPLOYMENT_TARGET = 11.0;
				MTL_ENABLE_DEBUG_INFO = YES;
				ONLY_ACTIVE_ARCH = YES;
				SDKROOT = iphoneos;
				SWIFT_ACTIVE_COMPILATION_CONDITIONS = DEBUG;
				SWIFT_OPTIMIZATION_LEVEL = "-Onone";
			};
			name = Debug;
		};
		21811AFE1F8E8C3C006AC7DC /* Release */ = {
			isa = XCBuildConfiguration;
			buildSettings = {
				ALWAYS_SEARCH_USER_PATHS = NO;
				CLANG_ANALYZER_NONNULL = YES;
				CLANG_ANALYZER_NUMBER_OBJECT_CONVERSION = YES_AGGRESSIVE;
				CLANG_CXX_LANGUAGE_STANDARD = "gnu++14";
				CLANG_CXX_LIBRARY = "libc++";
				CLANG_ENABLE_MODULES = YES;
				CLANG_ENABLE_OBJC_ARC = YES;
				CLANG_WARN_BLOCK_CAPTURE_AUTORELEASING = YES;
				CLANG_WARN_BOOL_CONVERSION = YES;
				CLANG_WARN_COMMA = YES;
				CLANG_WARN_CONSTANT_CONVERSION = YES;
				CLANG_WARN_DIRECT_OBJC_ISA_USAGE = YES_ERROR;
				CLANG_WARN_DOCUMENTATION_COMMENTS = YES;
				CLANG_WARN_EMPTY_BODY = YES;
				CLANG_WARN_ENUM_CONVERSION = YES;
				CLANG_WARN_INFINITE_RECURSION = YES;
				CLANG_WARN_INT_CONVERSION = YES;
				CLANG_WARN_NON_LITERAL_NULL_CONVERSION = YES;
				CLANG_WARN_OBJC_LITERAL_CONVERSION = YES;
				CLANG_WARN_OBJC_ROOT_CLASS = YES_ERROR;
				CLANG_WARN_RANGE_LOOP_ANALYSIS = YES;
				CLANG_WARN_STRICT_PROTOTYPES = YES;
				CLANG_WARN_SUSPICIOUS_MOVE = YES;
				CLANG_WARN_UNGUARDED_AVAILABILITY = YES_AGGRESSIVE;
				CLANG_WARN_UNREACHABLE_CODE = YES;
				CLANG_WARN__DUPLICATE_METHOD_MATCH = YES;
				CODE_SIGN_IDENTITY = "iPhone Developer";
				COPY_PHASE_STRIP = NO;
				DEBUG_INFORMATION_FORMAT = "dwarf-with-dsym";
				ENABLE_NS_ASSERTIONS = NO;
				ENABLE_STRICT_OBJC_MSGSEND = YES;
				GCC_C_LANGUAGE_STANDARD = gnu11;
				GCC_NO_COMMON_BLOCKS = YES;
				GCC_WARN_64_TO_32_BIT_CONVERSION = YES;
				GCC_WARN_ABOUT_RETURN_TYPE = YES_ERROR;
				GCC_WARN_UNDECLARED_SELECTOR = YES;
				GCC_WARN_UNINITIALIZED_AUTOS = YES_AGGRESSIVE;
				GCC_WARN_UNUSED_FUNCTION = YES;
				GCC_WARN_UNUSED_VARIABLE = YES;
				IPHONEOS_DEPLOYMENT_TARGET = 11.0;
				MTL_ENABLE_DEBUG_INFO = NO;
				SDKROOT = iphoneos;
				SWIFT_OPTIMIZATION_LEVEL = "-Owholemodule";
				VALIDATE_PRODUCT = YES;
			};
			name = Release;
		};
		21811B001F8E8C3C006AC7DC /* Debug */ = {
			isa = XCBuildConfiguration;
			buildSettings = {
				ASSETCATALOG_COMPILER_APPICON_NAME = AppIcon;
				CODE_SIGN_STYLE = Automatic;
				DEVELOPMENT_TEAM = 4UESZV97CB;
				INFOPLIST_FILE = Westeros/Info.plist;
				LD_RUNPATH_SEARCH_PATHS = "$(inherited) @executable_path/Frameworks";
				PRODUCT_BUNDLE_IDENTIFIER = io.OPC.Westeros;
				PRODUCT_NAME = "$(TARGET_NAME)";
				SWIFT_VERSION = 4.0;
				TARGETED_DEVICE_FAMILY = "1,2";
			};
			name = Debug;
		};
		21811B011F8E8C3C006AC7DC /* Release */ = {
			isa = XCBuildConfiguration;
			buildSettings = {
				ASSETCATALOG_COMPILER_APPICON_NAME = AppIcon;
				CODE_SIGN_STYLE = Automatic;
				DEVELOPMENT_TEAM = 4UESZV97CB;
				INFOPLIST_FILE = Westeros/Info.plist;
				LD_RUNPATH_SEARCH_PATHS = "$(inherited) @executable_path/Frameworks";
				PRODUCT_BUNDLE_IDENTIFIER = io.OPC.Westeros;
				PRODUCT_NAME = "$(TARGET_NAME)";
				SWIFT_VERSION = 4.0;
				TARGETED_DEVICE_FAMILY = "1,2";
			};
			name = Release;
		};
		21811B031F8E8C3C006AC7DC /* Debug */ = {
			isa = XCBuildConfiguration;
			buildSettings = {
				ALWAYS_EMBED_SWIFT_STANDARD_LIBRARIES = YES;
				BUNDLE_LOADER = "$(TEST_HOST)";
				CLANG_ENABLE_MODULES = YES;
				CODE_SIGN_STYLE = Automatic;
				DEVELOPMENT_TEAM = 4UESZV97CB;
				INFOPLIST_FILE = WesterosTests/Info.plist;
				LD_RUNPATH_SEARCH_PATHS = "$(inherited) @executable_path/Frameworks @loader_path/Frameworks";
				PRODUCT_BUNDLE_IDENTIFIER = io.OPC.WesterosTests;
				PRODUCT_NAME = "$(TARGET_NAME)";
				SWIFT_OPTIMIZATION_LEVEL = "-Onone";
				SWIFT_VERSION = 4.0;
				TARGETED_DEVICE_FAMILY = "1,2";
				TEST_HOST = "$(BUILT_PRODUCTS_DIR)/Westeros.app/Westeros";
			};
			name = Debug;
		};
		21811B041F8E8C3C006AC7DC /* Release */ = {
			isa = XCBuildConfiguration;
			buildSettings = {
				ALWAYS_EMBED_SWIFT_STANDARD_LIBRARIES = YES;
				BUNDLE_LOADER = "$(TEST_HOST)";
				CLANG_ENABLE_MODULES = YES;
				CODE_SIGN_STYLE = Automatic;
				DEVELOPMENT_TEAM = 4UESZV97CB;
				INFOPLIST_FILE = WesterosTests/Info.plist;
				LD_RUNPATH_SEARCH_PATHS = "$(inherited) @executable_path/Frameworks @loader_path/Frameworks";
				PRODUCT_BUNDLE_IDENTIFIER = io.OPC.WesterosTests;
				PRODUCT_NAME = "$(TARGET_NAME)";
				SWIFT_VERSION = 4.0;
				TARGETED_DEVICE_FAMILY = "1,2";
				TEST_HOST = "$(BUILT_PRODUCTS_DIR)/Westeros.app/Westeros";
			};
			name = Release;
		};
/* End XCBuildConfiguration section */

/* Begin XCConfigurationList section */
		21811ADD1F8E8C3C006AC7DC /* Build configuration list for PBXProject "Westeros" */ = {
			isa = XCConfigurationList;
			buildConfigurations = (
				21811AFD1F8E8C3C006AC7DC /* Debug */,
				21811AFE1F8E8C3C006AC7DC /* Release */,
			);
			defaultConfigurationIsVisible = 0;
			defaultConfigurationName = Release;
		};
		21811AFF1F8E8C3C006AC7DC /* Build configuration list for PBXNativeTarget "Westeros" */ = {
			isa = XCConfigurationList;
			buildConfigurations = (
				21811B001F8E8C3C006AC7DC /* Debug */,
				21811B011F8E8C3C006AC7DC /* Release */,
			);
			defaultConfigurationIsVisible = 0;
			defaultConfigurationName = Release;
		};
		21811B021F8E8C3C006AC7DC /* Build configuration list for PBXNativeTarget "WesterosTests" */ = {
			isa = XCConfigurationList;
			buildConfigurations = (
				21811B031F8E8C3C006AC7DC /* Debug */,
				21811B041F8E8C3C006AC7DC /* Release */,
			);
			defaultConfigurationIsVisible = 0;
			defaultConfigurationName = Release;
		};
/* End XCConfigurationList section */
	};
	rootObject = 21811ADA1F8E8C3C006AC7DC /* Project object */;
}
